// !$*UTF8*$!
{
	archiveVersion = 1;
	classes = {
	};
	objectVersion = 56;
	objects = {

/* Begin PBXBuildFile section */
		A5FA1D6F2EC35E2500C6ADDE /* AppDelegate.swift in Sources */ = {isa = PBXBuildFile; fileRef = A5FA1D6E2EC35E2500C6ADDE /* AppDelegate.swift */; };
		A5FA1D732EC35E2500C6ADDE /* Main.html in Resources */ = {isa = PBXBuildFile; fileRef = A5FA1D712EC35E2500C6ADDE /* Main.html */; };
		A5FA1D772EC35E2500C6ADDE /* Style.css in Resources */ = {isa = PBXBuildFile; fileRef = A5FA1D762EC35E2500C6ADDE /* Style.css */; };
		A5FA1D792EC35E2500C6ADDE /* Script.js in Resources */ = {isa = PBXBuildFile; fileRef = A5FA1D782EC35E2500C6ADDE /* Script.js */; };
		A5FA1D7B2EC35E2500C6ADDE /* ViewController.swift in Sources */ = {isa = PBXBuildFile; fileRef = A5FA1D7A2EC35E2500C6ADDE /* ViewController.swift */; };
		A5FA1D7E2EC35E2500C6ADDE /* Main.storyboard in Resources */ = {isa = PBXBuildFile; fileRef = A5FA1D7C2EC35E2500C6ADDE /* Main.storyboard */; };
		A5FA1D802EC35E2600C6ADDE /* Assets.xcassets in Resources */ = {isa = PBXBuildFile; fileRef = A5FA1D7F2EC35E2600C6ADDE /* Assets.xcassets */; };
		A5FA1D892EC35E2600C6ADDE /* Bark Sender Extension.appex in Embed Foundation Extensions */ = {isa = PBXBuildFile; fileRef = A5FA1D882EC35E2600C6ADDE /* Bark Sender Extension.appex */; settings = {ATTRIBUTES = (RemoveHeadersOnCopy, ); }; };
		A5FA1D8E2EC35E2600C6ADDE /* SafariWebExtensionHandler.swift in Sources */ = {isa = PBXBuildFile; fileRef = A5FA1D8D2EC35E2600C6ADDE /* SafariWebExtensionHandler.swift */; };
		A5FA1DA52EC35E2600C6ADDE /* background.js in Resources */ = {isa = PBXBuildFile; fileRef = A5FA1D9B2EC35E2600C6ADDE /* background.js */; };
		A5FA1DA72EC35E2600C6ADDE /* popup.html in Resources */ = {isa = PBXBuildFile; fileRef = A5FA1D9D2EC35E2600C6ADDE /* popup.html */; };
		A5FA1DA82EC35E2600C6ADDE /* chunks in Resources */ = {isa = PBXBuildFile; fileRef = A5FA1D9E2EC35E2600C6ADDE /* chunks */; };
		A5FA1DA92EC35E2600C6ADDE /* content-scripts in Resources */ = {isa = PBXBuildFile; fileRef = A5FA1D9F2EC35E2600C6ADDE /* content-scripts */; };
		A5FA1DAA2EC35E2600C6ADDE /* manifest.json in Resources */ = {isa = PBXBuildFile; fileRef = A5FA1DA02EC35E2600C6ADDE /* manifest.json */; };
		A5FA1DAB2EC35E2600C6ADDE /* lottie in Resources */ = {isa = PBXBuildFile; fileRef = A5FA1DA12EC35E2600C6ADDE /* lottie */; };
		A5FA1DAC2EC35E2600C6ADDE /* _locales in Resources */ = {isa = PBXBuildFile; fileRef = A5FA1DA22EC35E2600C6ADDE /* _locales */; };
		A5FA1DAD2EC35E2600C6ADDE /* icon in Resources */ = {isa = PBXBuildFile; fileRef = A5FA1DA32EC35E2600C6ADDE /* icon */; };
		A5FA1DAE2EC35E2600C6ADDE /* assets in Resources */ = {isa = PBXBuildFile; fileRef = A5FA1DA42EC35E2600C6ADDE /* assets */; };
/* End PBXBuildFile section */

/* Begin PBXContainerItemProxy section */
		A5FA1D8A2EC35E2600C6ADDE /* PBXContainerItemProxy */ = {
			isa = PBXContainerItemProxy;
			containerPortal = A5FA1D632EC35E2500C6ADDE /* Project object */;
			proxyType = 1;
			remoteGlobalIDString = A5FA1D872EC35E2600C6ADDE;
			remoteInfo = "Bark Sender Extension";
		};
/* End PBXContainerItemProxy section */

/* Begin PBXCopyFilesBuildPhase section */
		A5FA1D962EC35E2600C6ADDE /* Embed Foundation Extensions */ = {
			isa = PBXCopyFilesBuildPhase;
			buildActionMask = 2147483647;
			dstPath = "";
			dstSubfolderSpec = 13;
			files = (
				A5FA1D892EC35E2600C6ADDE /* Bark Sender Extension.appex in Embed Foundation Extensions */,
			);
			name = "Embed Foundation Extensions";
			runOnlyForDeploymentPostprocessing = 0;
		};
/* End PBXCopyFilesBuildPhase section */

/* Begin PBXFileReference section */
		A5694BB52ECCCF9E00117E82 /* en */ = {isa = PBXFileReference; lastKnownFileType = text.html; name = en; path = ../en.lproj/Main.html; sourceTree = "<group>"; };
		A5694BB62ECCCFB000117E82 /* Base */ = {isa = PBXFileReference; lastKnownFileType = file.storyboard; name = Base; path = Base.lproj/Main.storyboard; sourceTree = "<group>"; };
		A5FA1D6B2EC35E2500C6ADDE /* Bark Sender.app */ = {isa = PBXFileReference; explicitFileType = wrapper.application; includeInIndex = 0; path = "Bark Sender.app"; sourceTree = BUILT_PRODUCTS_DIR; };
		A5FA1D6E2EC35E2500C6ADDE /* AppDelegate.swift */ = {isa = PBXFileReference; lastKnownFileType = sourcecode.swift; path = AppDelegate.swift; sourceTree = "<group>"; };
		A5FA1D762EC35E2500C6ADDE /* Style.css */ = {isa = PBXFileReference; lastKnownFileType = text.css; path = Style.css; sourceTree = "<group>"; };
		A5FA1D782EC35E2500C6ADDE /* Script.js */ = {isa = PBXFileReference; lastKnownFileType = sourcecode.javascript; path = Script.js; sourceTree = "<group>"; };
		A5FA1D7A2EC35E2500C6ADDE /* ViewController.swift */ = {isa = PBXFileReference; lastKnownFileType = sourcecode.swift; path = ViewController.swift; sourceTree = "<group>"; };
		A5FA1D7F2EC35E2600C6ADDE /* Assets.xcassets */ = {isa = PBXFileReference; lastKnownFileType = folder.assetcatalog; path = Assets.xcassets; sourceTree = "<group>"; };
		A5FA1D812EC35E2600C6ADDE /* Info.plist */ = {isa = PBXFileReference; lastKnownFileType = text.plist.xml; path = Info.plist; sourceTree = "<group>"; };
		A5FA1D822EC35E2600C6ADDE /* Bark_Sender.entitlements */ = {isa = PBXFileReference; lastKnownFileType = text.plist.entitlements; path = Bark_Sender.entitlements; sourceTree = "<group>"; };
		A5FA1D832EC35E2600C6ADDE /* Bark Sender.entitlements */ = {isa = PBXFileReference; lastKnownFileType = text.plist.entitlements; path = "Bark Sender.entitlements"; sourceTree = "<group>"; };
		A5FA1D882EC35E2600C6ADDE /* Bark Sender Extension.appex */ = {isa = PBXFileReference; explicitFileType = "wrapper.app-extension"; includeInIndex = 0; path = "Bark Sender Extension.appex"; sourceTree = BUILT_PRODUCTS_DIR; };
		A5FA1D8D2EC35E2600C6ADDE /* SafariWebExtensionHandler.swift */ = {isa = PBXFileReference; lastKnownFileType = sourcecode.swift; path = SafariWebExtensionHandler.swift; sourceTree = "<group>"; };
		A5FA1D8F2EC35E2600C6ADDE /* Info.plist */ = {isa = PBXFileReference; lastKnownFileType = text.plist.xml; path = Info.plist; sourceTree = "<group>"; };
		A5FA1D902EC35E2600C6ADDE /* Bark_Sender_Extension.entitlements */ = {isa = PBXFileReference; lastKnownFileType = text.plist.entitlements; path = Bark_Sender_Extension.entitlements; sourceTree = "<group>"; };
		A5FA1D9B2EC35E2600C6ADDE /* background.js */ = {isa = PBXFileReference; lastKnownFileType = sourcecode.javascript; path = background.js; sourceTree = "<group>"; };
		A5FA1D9D2EC35E2600C6ADDE /* popup.html */ = {isa = PBXFileReference; lastKnownFileType = text.html; path = popup.html; sourceTree = "<group>"; };
		A5FA1D9E2EC35E2600C6ADDE /* chunks */ = {isa = PBXFileReference; lastKnownFileType = folder; path = chunks; sourceTree = "<group>"; };
		A5FA1D9F2EC35E2600C6ADDE /* content-scripts */ = {isa = PBXFileReference; lastKnownFileType = folder; path = "content-scripts"; sourceTree = "<group>"; };
		A5FA1DA02EC35E2600C6ADDE /* manifest.json */ = {isa = PBXFileReference; lastKnownFileType = text.json; path = manifest.json; sourceTree = "<group>"; };
		A5FA1DA12EC35E2600C6ADDE /* lottie */ = {isa = PBXFileReference; lastKnownFileType = folder; path = lottie; sourceTree = "<group>"; };
		A5FA1DA22EC35E2600C6ADDE /* _locales */ = {isa = PBXFileReference; lastKnownFileType = folder; path = _locales; sourceTree = "<group>"; };
		A5FA1DA32EC35E2600C6ADDE /* icon */ = {isa = PBXFileReference; lastKnownFileType = folder; path = icon; sourceTree = "<group>"; };
		A5FA1DA42EC35E2600C6ADDE /* assets */ = {isa = PBXFileReference; lastKnownFileType = folder; path = assets; sourceTree = "<group>"; };
/* End PBXFileReference section */

/* Begin PBXFrameworksBuildPhase section */
		A5FA1D682EC35E2500C6ADDE /* Frameworks */ = {
			isa = PBXFrameworksBuildPhase;
			buildActionMask = 2147483647;
			files = (
			);
			runOnlyForDeploymentPostprocessing = 0;
		};
		A5FA1D852EC35E2600C6ADDE /* Frameworks */ = {
			isa = PBXFrameworksBuildPhase;
			buildActionMask = 2147483647;
			files = (
			);
			runOnlyForDeploymentPostprocessing = 0;
		};
/* End PBXFrameworksBuildPhase section */

/* Begin PBXGroup section */
		A5FA1D622EC35E2500C6ADDE = {
			isa = PBXGroup;
			children = (
				A5FA1D6D2EC35E2500C6ADDE /* Bark Sender */,
				A5FA1D8C2EC35E2600C6ADDE /* Bark Sender Extension */,
				A5FA1D6C2EC35E2500C6ADDE /* Products */,
			);
			sourceTree = "<group>";
		};
		A5FA1D6C2EC35E2500C6ADDE /* Products */ = {
			isa = PBXGroup;
			children = (
				A5FA1D6B2EC35E2500C6ADDE /* Bark Sender.app */,
				A5FA1D882EC35E2600C6ADDE /* Bark Sender Extension.appex */,
			);
			name = Products;
			sourceTree = "<group>";
		};
		A5FA1D6D2EC35E2500C6ADDE /* Bark Sender */ = {
			isa = PBXGroup;
			children = (
				A5FA1D6E2EC35E2500C6ADDE /* AppDelegate.swift */,
				A5FA1D7A2EC35E2500C6ADDE /* ViewController.swift */,
				A5FA1D7C2EC35E2500C6ADDE /* Main.storyboard */,
				A5FA1D7F2EC35E2600C6ADDE /* Assets.xcassets */,
				A5FA1D812EC35E2600C6ADDE /* Info.plist */,
				A5FA1D822EC35E2600C6ADDE /* Bark_Sender.entitlements */,
				A5FA1D832EC35E2600C6ADDE /* Bark Sender.entitlements */,
				A5FA1D702EC35E2500C6ADDE /* Resources */,
			);
			path = "Bark Sender";
			sourceTree = "<group>";
		};
		A5FA1D702EC35E2500C6ADDE /* Resources */ = {
			isa = PBXGroup;
			children = (
				A5FA1D712EC35E2500C6ADDE /* Main.html */,
				A5FA1D762EC35E2500C6ADDE /* Style.css */,
				A5FA1D782EC35E2500C6ADDE /* Script.js */,
			);
			path = Resources;
			sourceTree = "<group>";
		};
		A5FA1D8C2EC35E2600C6ADDE /* Bark Sender Extension */ = {
			isa = PBXGroup;
			children = (
				A5FA1D9A2EC35E2600C6ADDE /* Resources */,
				A5FA1D8D2EC35E2600C6ADDE /* SafariWebExtensionHandler.swift */,
				A5FA1D8F2EC35E2600C6ADDE /* Info.plist */,
				A5FA1D902EC35E2600C6ADDE /* Bark_Sender_Extension.entitlements */,
			);
			path = "Bark Sender Extension";
			sourceTree = "<group>";
		};
		A5FA1D9A2EC35E2600C6ADDE /* Resources */ = {
			isa = PBXGroup;
			children = (
				A5FA1D9B2EC35E2600C6ADDE /* background.js */,
				A5FA1D9D2EC35E2600C6ADDE /* popup.html */,
				A5FA1D9E2EC35E2600C6ADDE /* chunks */,
				A5FA1D9F2EC35E2600C6ADDE /* content-scripts */,
				A5FA1DA02EC35E2600C6ADDE /* manifest.json */,
				A5FA1DA12EC35E2600C6ADDE /* lottie */,
				A5FA1DA22EC35E2600C6ADDE /* _locales */,
				A5FA1DA32EC35E2600C6ADDE /* icon */,
				A5FA1DA42EC35E2600C6ADDE /* assets */,
			);
			name = Resources;
			path = "../.output/safari-mv3";
			sourceTree = SOURCE_ROOT;
		};
/* End PBXGroup section */

/* Begin PBXNativeTarget section */
		A5FA1D6A2EC35E2500C6ADDE /* Bark Sender */ = {
			isa = PBXNativeTarget;
			buildConfigurationList = A5FA1D972EC35E2600C6ADDE /* Build configuration list for PBXNativeTarget "Bark Sender" */;
			buildPhases = (
				A5FA1D672EC35E2500C6ADDE /* Sources */,
				A5FA1D682EC35E2500C6ADDE /* Frameworks */,
				A5FA1D692EC35E2500C6ADDE /* Resources */,
				A5FA1D962EC35E2600C6ADDE /* Embed Foundation Extensions */,
			);
			buildRules = (
			);
			dependencies = (
				A5FA1D8B2EC35E2600C6ADDE /* PBXTargetDependency */,
			);
			name = "Bark Sender";
			productName = "Bark Sender";
			productReference = A5FA1D6B2EC35E2500C6ADDE /* Bark Sender.app */;
			productType = "com.apple.product-type.application";
		};
		A5FA1D872EC35E2600C6ADDE /* Bark Sender Extension */ = {
			isa = PBXNativeTarget;
			buildConfigurationList = A5FA1D932EC35E2600C6ADDE /* Build configuration list for PBXNativeTarget "Bark Sender Extension" */;
			buildPhases = (
				A5FA1D842EC35E2600C6ADDE /* Sources */,
				A5FA1D852EC35E2600C6ADDE /* Frameworks */,
				A5FA1D862EC35E2600C6ADDE /* Resources */,
			);
			buildRules = (
			);
			dependencies = (
			);
			name = "Bark Sender Extension";
			productName = "Bark Sender Extension";
			productReference = A5FA1D882EC35E2600C6ADDE /* Bark Sender Extension.appex */;
			productType = "com.apple.product-type.app-extension";
		};
/* End PBXNativeTarget section */

/* Begin PBXProject section */
		A5FA1D632EC35E2500C6ADDE /* Project object */ = {
			isa = PBXProject;
			attributes = {
				BuildIndependentTargetsInParallel = 1;
				LastSwiftUpdateCheck = 1420;
				LastUpgradeCheck = 1420;
				TargetAttributes = {
					A5FA1D6A2EC35E2500C6ADDE = {
						CreatedOnToolsVersion = 14.2;
					};
					A5FA1D872EC35E2600C6ADDE = {
						CreatedOnToolsVersion = 14.2;
					};
				};
			};
			buildConfigurationList = A5FA1D662EC35E2500C6ADDE /* Build configuration list for PBXProject "Bark Sender" */;
			compatibilityVersion = "Xcode 14.0";
			developmentRegion = en;
			hasScannedForEncodings = 0;
			knownRegions = (
				en,
				Base,
			);
			mainGroup = A5FA1D622EC35E2500C6ADDE;
			productRefGroup = A5FA1D6C2EC35E2500C6ADDE /* Products */;
			projectDirPath = "";
			projectRoot = "";
			targets = (
				A5FA1D6A2EC35E2500C6ADDE /* Bark Sender */,
				A5FA1D872EC35E2600C6ADDE /* Bark Sender Extension */,
			);
		};
/* End PBXProject section */

/* Begin PBXResourcesBuildPhase section */
		A5FA1D692EC35E2500C6ADDE /* Resources */ = {
			isa = PBXResourcesBuildPhase;
			buildActionMask = 2147483647;
			files = (
				A5FA1D7E2EC35E2500C6ADDE /* Main.storyboard in Resources */,
				A5FA1D792EC35E2500C6ADDE /* Script.js in Resources */,
				A5FA1D732EC35E2500C6ADDE /* Main.html in Resources */,
				A5FA1D802EC35E2600C6ADDE /* Assets.xcassets in Resources */,
				A5FA1D772EC35E2500C6ADDE /* Style.css in Resources */,
			);
			runOnlyForDeploymentPostprocessing = 0;
		};
		A5FA1D862EC35E2600C6ADDE /* Resources */ = {
			isa = PBXResourcesBuildPhase;
			buildActionMask = 2147483647;
			files = (
				A5FA1DA72EC35E2600C6ADDE /* popup.html in Resources */,
				A5FA1DAC2EC35E2600C6ADDE /* _locales in Resources */,
				A5FA1DA82EC35E2600C6ADDE /* chunks in Resources */,
				A5FA1DA52EC35E2600C6ADDE /* background.js in Resources */,
				A5FA1DAE2EC35E2600C6ADDE /* assets in Resources */,
				A5FA1DAB2EC35E2600C6ADDE /* lottie in Resources */,
				A5FA1DAA2EC35E2600C6ADDE /* manifest.json in Resources */,
				A5FA1DAD2EC35E2600C6ADDE /* icon in Resources */,
				A5FA1DA92EC35E2600C6ADDE /* content-scripts in Resources */,
			);
			runOnlyForDeploymentPostprocessing = 0;
		};
/* End PBXResourcesBuildPhase section */

/* Begin PBXSourcesBuildPhase section */
		A5FA1D672EC35E2500C6ADDE /* Sources */ = {
			isa = PBXSourcesBuildPhase;
			buildActionMask = 2147483647;
			files = (
				A5FA1D7B2EC35E2500C6ADDE /* ViewController.swift in Sources */,
				A5FA1D6F2EC35E2500C6ADDE /* AppDelegate.swift in Sources */,
			);
			runOnlyForDeploymentPostprocessing = 0;
		};
		A5FA1D842EC35E2600C6ADDE /* Sources */ = {
			isa = PBXSourcesBuildPhase;
			buildActionMask = 2147483647;
			files = (
				A5FA1D8E2EC35E2600C6ADDE /* SafariWebExtensionHandler.swift in Sources */,
			);
			runOnlyForDeploymentPostprocessing = 0;
		};
/* End PBXSourcesBuildPhase section */

/* Begin PBXTargetDependency section */
		A5FA1D8B2EC35E2600C6ADDE /* PBXTargetDependency */ = {
			isa = PBXTargetDependency;
			target = A5FA1D872EC35E2600C6ADDE /* Bark Sender Extension */;
			targetProxy = A5FA1D8A2EC35E2600C6ADDE /* PBXContainerItemProxy */;
		};
/* End PBXTargetDependency section */

/* Begin PBXVariantGroup section */
		A5FA1D712EC35E2500C6ADDE /* Main.html */ = {
			isa = PBXVariantGroup;
			children = (
				A5694BB52ECCCF9E00117E82 /* en */,
			);
			name = Main.html;
			sourceTree = "<group>";
		};
		A5FA1D7C2EC35E2500C6ADDE /* Main.storyboard */ = {
			isa = PBXVariantGroup;
			children = (
				A5694BB62ECCCFB000117E82 /* Base */,
			);
			name = Main.storyboard;
			sourceTree = "<group>";
		};
/* End PBXVariantGroup section */

/* Begin XCBuildConfiguration section */
		A5FA1D912EC35E2600C6ADDE /* Debug */ = {
			isa = XCBuildConfiguration;
			buildSettings = {
				ALWAYS_SEARCH_USER_PATHS = NO;
				CLANG_ANALYZER_NONNULL = YES;
				CLANG_ANALYZER_NUMBER_OBJECT_CONVERSION = YES_AGGRESSIVE;
				CLANG_CXX_LANGUAGE_STANDARD = "gnu++20";
				CLANG_ENABLE_MODULES = YES;
				CLANG_ENABLE_OBJC_ARC = YES;
				CLANG_ENABLE_OBJC_WEAK = YES;
				CLANG_WARN_BLOCK_CAPTURE_AUTORELEASING = YES;
				CLANG_WARN_BOOL_CONVERSION = YES;
				CLANG_WARN_COMMA = YES;
				CLANG_WARN_CONSTANT_CONVERSION = YES;
				CLANG_WARN_DEPRECATED_OBJC_IMPLEMENTATIONS = YES;
				CLANG_WARN_DIRECT_OBJC_ISA_USAGE = YES_ERROR;
				CLANG_WARN_DOCUMENTATION_COMMENTS = YES;
				CLANG_WARN_EMPTY_BODY = YES;
				CLANG_WARN_ENUM_CONVERSION = YES;
				CLANG_WARN_INFINITE_RECURSION = YES;
				CLANG_WARN_INT_CONVERSION = YES;
				CLANG_WARN_NON_LITERAL_NULL_CONVERSION = YES;
				CLANG_WARN_OBJC_IMPLICIT_RETAIN_SELF = YES;
				CLANG_WARN_OBJC_LITERAL_CONVERSION = YES;
				CLANG_WARN_OBJC_ROOT_CLASS = YES_ERROR;
				CLANG_WARN_QUOTED_INCLUDE_IN_FRAMEWORK_HEADER = YES;
				CLANG_WARN_RANGE_LOOP_ANALYSIS = YES;
				CLANG_WARN_STRICT_PROTOTYPES = YES;
				CLANG_WARN_SUSPICIOUS_MOVE = YES;
				CLANG_WARN_UNGUARDED_AVAILABILITY = YES_AGGRESSIVE;
				CLANG_WARN_UNREACHABLE_CODE = YES;
				CLANG_WARN__DUPLICATE_METHOD_MATCH = YES;
				COPY_PHASE_STRIP = NO;
				DEBUG_INFORMATION_FORMAT = dwarf;
				ENABLE_STRICT_OBJC_MSGSEND = YES;
				ENABLE_TESTABILITY = YES;
				GCC_C_LANGUAGE_STANDARD = gnu11;
				GCC_DYNAMIC_NO_PIC = NO;
				GCC_NO_COMMON_BLOCKS = YES;
				GCC_OPTIMIZATION_LEVEL = 0;
				GCC_PREPROCESSOR_DEFINITIONS = (
					"DEBUG=1",
					"$(inherited)",
				);
				GCC_WARN_64_TO_32_BIT_CONVERSION = YES;
				GCC_WARN_ABOUT_RETURN_TYPE = YES_ERROR;
				GCC_WARN_UNDECLARED_SELECTOR = YES;
				GCC_WARN_UNINITIALIZED_AUTOS = YES_AGGRESSIVE;
				GCC_WARN_UNUSED_FUNCTION = YES;
				GCC_WARN_UNUSED_VARIABLE = YES;
				MACOSX_DEPLOYMENT_TARGET = 12.7;
				MTL_ENABLE_DEBUG_INFO = INCLUDE_SOURCE;
				MTL_FAST_MATH = YES;
				ONLY_ACTIVE_ARCH = YES;
				SDKROOT = macosx;
				SWIFT_ACTIVE_COMPILATION_CONDITIONS = DEBUG;
				SWIFT_OPTIMIZATION_LEVEL = "-Onone";
			};
			name = Debug;
		};
		A5FA1D922EC35E2600C6ADDE /* Release */ = {
			isa = XCBuildConfiguration;
			buildSettings = {
				ALWAYS_SEARCH_USER_PATHS = NO;
				CLANG_ANALYZER_NONNULL = YES;
				CLANG_ANALYZER_NUMBER_OBJECT_CONVERSION = YES_AGGRESSIVE;
				CLANG_CXX_LANGUAGE_STANDARD = "gnu++20";
				CLANG_ENABLE_MODULES = YES;
				CLANG_ENABLE_OBJC_ARC = YES;
				CLANG_ENABLE_OBJC_WEAK = YES;
				CLANG_WARN_BLOCK_CAPTURE_AUTORELEASING = YES;
				CLANG_WARN_BOOL_CONVERSION = YES;
				CLANG_WARN_COMMA = YES;
				CLANG_WARN_CONSTANT_CONVERSION = YES;
				CLANG_WARN_DEPRECATED_OBJC_IMPLEMENTATIONS = YES;
				CLANG_WARN_DIRECT_OBJC_ISA_USAGE = YES_ERROR;
				CLANG_WARN_DOCUMENTATION_COMMENTS = YES;
				CLANG_WARN_EMPTY_BODY = YES;
				CLANG_WARN_ENUM_CONVERSION = YES;
				CLANG_WARN_INFINITE_RECURSION = YES;
				CLANG_WARN_INT_CONVERSION = YES;
				CLANG_WARN_NON_LITERAL_NULL_CONVERSION = YES;
				CLANG_WARN_OBJC_IMPLICIT_RETAIN_SELF = YES;
				CLANG_WARN_OBJC_LITERAL_CONVERSION = YES;
				CLANG_WARN_OBJC_ROOT_CLASS = YES_ERROR;
				CLANG_WARN_QUOTED_INCLUDE_IN_FRAMEWORK_HEADER = YES;
				CLANG_WARN_RANGE_LOOP_ANALYSIS = YES;
				CLANG_WARN_STRICT_PROTOTYPES = YES;
				CLANG_WARN_SUSPICIOUS_MOVE = YES;
				CLANG_WARN_UNGUARDED_AVAILABILITY = YES_AGGRESSIVE;
				CLANG_WARN_UNREACHABLE_CODE = YES;
				CLANG_WARN__DUPLICATE_METHOD_MATCH = YES;
				COPY_PHASE_STRIP = NO;
				DEBUG_INFORMATION_FORMAT = "dwarf-with-dsym";
				ENABLE_NS_ASSERTIONS = NO;
				ENABLE_STRICT_OBJC_MSGSEND = YES;
				GCC_C_LANGUAGE_STANDARD = gnu11;
				GCC_NO_COMMON_BLOCKS = YES;
				GCC_WARN_64_TO_32_BIT_CONVERSION = YES;
				GCC_WARN_ABOUT_RETURN_TYPE = YES_ERROR;
				GCC_WARN_UNDECLARED_SELECTOR = YES;
				GCC_WARN_UNINITIALIZED_AUTOS = YES_AGGRESSIVE;
				GCC_WARN_UNUSED_FUNCTION = YES;
				GCC_WARN_UNUSED_VARIABLE = YES;
				MACOSX_DEPLOYMENT_TARGET = 12.7;
				MTL_ENABLE_DEBUG_INFO = NO;
				MTL_FAST_MATH = YES;
				SDKROOT = macosx;
				SWIFT_COMPILATION_MODE = wholemodule;
				SWIFT_OPTIMIZATION_LEVEL = "-O";
			};
			name = Release;
		};
		A5FA1D942EC35E2600C6ADDE /* Debug */ = {
			isa = XCBuildConfiguration;
			buildSettings = {
				CODE_SIGN_ENTITLEMENTS = "Bark Sender Extension/Bark_Sender_Extension.entitlements";
				"CODE_SIGN_IDENTITY[sdk=macosx*]" = "Apple Development";
				CODE_SIGN_STYLE = Automatic;
				CURRENT_PROJECT_VERSION = 3;
				DEVELOPMENT_TEAM = F3NJX6WU2Z;
				ENABLE_HARDENED_RUNTIME = YES;
				GENERATE_INFOPLIST_FILE = YES;
				INFOPLIST_FILE = "Bark Sender Extension/Info.plist";
				INFOPLIST_KEY_CFBundleDisplayName = "Bark Sender Extension";
				INFOPLIST_KEY_NSHumanReadableCopyright = "";
				LD_RUNPATH_SEARCH_PATHS = (
					"$(inherited)",
					"@executable_path/../Frameworks",
					"@executable_path/../../../../Frameworks",
				);
				MACOSX_DEPLOYMENT_TARGET = 10.14;
				MARKETING_VERSION = 1.10.0;
				OTHER_LDFLAGS = (
					"-framework",
					SafariServices,
				);
				PRODUCT_BUNDLE_IDENTIFIER = "com.uuphy.bark-sender.Extension";
				PRODUCT_NAME = "$(TARGET_NAME)";
				SKIP_INSTALL = YES;
				SWIFT_EMIT_LOC_STRINGS = YES;
				SWIFT_VERSION = 5.0;
			};
			name = Debug;
		};
		A5FA1D952EC35E2600C6ADDE /* Release */ = {
			isa = XCBuildConfiguration;
			buildSettings = {
				CODE_SIGN_ENTITLEMENTS = "Bark Sender Extension/Bark_Sender_Extension.entitlements";
				"CODE_SIGN_IDENTITY[sdk=macosx*]" = "Apple Development";
				CODE_SIGN_STYLE = Automatic;
				CURRENT_PROJECT_VERSION = 3;
				DEVELOPMENT_TEAM = F3NJX6WU2Z;
				ENABLE_HARDENED_RUNTIME = YES;
				GENERATE_INFOPLIST_FILE = YES;
				INFOPLIST_FILE = "Bark Sender Extension/Info.plist";
				INFOPLIST_KEY_CFBundleDisplayName = "Bark Sender Extension";
				INFOPLIST_KEY_NSHumanReadableCopyright = "";
				LD_RUNPATH_SEARCH_PATHS = (
					"$(inherited)",
					"@executable_path/../Frameworks",
					"@executable_path/../../../../Frameworks",
				);
				MACOSX_DEPLOYMENT_TARGET = 10.14;
				MARKETING_VERSION = 1.10.0;
				OTHER_LDFLAGS = (
					"-framework",
					SafariServices,
				);
				PRODUCT_BUNDLE_IDENTIFIER = "com.uuphy.bark-sender.Extension";
				PRODUCT_NAME = "$(TARGET_NAME)";
				SKIP_INSTALL = YES;
				SWIFT_EMIT_LOC_STRINGS = YES;
				SWIFT_VERSION = 5.0;
			};
			name = Release;
		};
		A5FA1D982EC35E2600C6ADDE /* Debug */ = {
			isa = XCBuildConfiguration;
			buildSettings = {
				ALWAYS_EMBED_SWIFT_STANDARD_LIBRARIES = YES;
				ASSETCATALOG_COMPILER_APPICON_NAME = AppIcon;
				ASSETCATALOG_COMPILER_GLOBAL_ACCENT_COLOR_NAME = AccentColor;
				CODE_SIGN_ENTITLEMENTS = "Bark Sender/Bark Sender.entitlements";
				"CODE_SIGN_IDENTITY[sdk=macosx*]" = "Apple Development";
				CODE_SIGN_STYLE = Automatic;
				COMBINE_HIDPI_IMAGES = YES;
				CURRENT_PROJECT_VERSION = 3;
				DEVELOPMENT_TEAM = F3NJX6WU2Z;
				ENABLE_HARDENED_RUNTIME = YES;
				GENERATE_INFOPLIST_FILE = YES;
				INFOPLIST_FILE = "Bark Sender/Info.plist";
				INFOPLIST_KEY_CFBundleDisplayName = "Bark Sender";
				INFOPLIST_KEY_LSApplicationCategoryType = "public.app-category.utilities";
				INFOPLIST_KEY_NSHumanReadableCopyright = "";
				INFOPLIST_KEY_NSMainStoryboardFile = Main;
				INFOPLIST_KEY_NSPrincipalClass = NSApplication;
				LD_RUNPATH_SEARCH_PATHS = (
					"$(inherited)",
					"@executable_path/../Frameworks",
				);
				MACOSX_DEPLOYMENT_TARGET = 10.15;
				MARKETING_VERSION = 1.10.0;
				OTHER_LDFLAGS = (
					"-framework",
					SafariServices,
					"-framework",
					WebKit,
				);
				PRODUCT_BUNDLE_IDENTIFIER = "com.uuphy.bark-sender";
				PRODUCT_NAME = "$(TARGET_NAME)";
				SWIFT_EMIT_LOC_STRINGS = YES;
				SWIFT_VERSION = 5.0;
			};
			name = Debug;
		};
		A5FA1D992EC35E2600C6ADDE /* Release */ = {
			isa = XCBuildConfiguration;
			buildSettings = {
				ALWAYS_EMBED_SWIFT_STANDARD_LIBRARIES = YES;
				ASSETCATALOG_COMPILER_APPICON_NAME = AppIcon;
				ASSETCATALOG_COMPILER_GLOBAL_ACCENT_COLOR_NAME = AccentColor;
				CODE_SIGN_ENTITLEMENTS = "Bark Sender/Bark Sender.entitlements";
				"CODE_SIGN_IDENTITY[sdk=macosx*]" = "Apple Development";
				CODE_SIGN_STYLE = Automatic;
				COMBINE_HIDPI_IMAGES = YES;
				CURRENT_PROJECT_VERSION = 3;
				DEVELOPMENT_TEAM = F3NJX6WU2Z;
				ENABLE_HARDENED_RUNTIME = YES;
				GENERATE_INFOPLIST_FILE = YES;
				INFOPLIST_FILE = "Bark Sender/Info.plist";
				INFOPLIST_KEY_CFBundleDisplayName = "Bark Sender";
				INFOPLIST_KEY_LSApplicationCategoryType = "public.app-category.utilities";
				INFOPLIST_KEY_NSHumanReadableCopyright = "";
				INFOPLIST_KEY_NSMainStoryboardFile = Main;
				INFOPLIST_KEY_NSPrincipalClass = NSApplication;
				LD_RUNPATH_SEARCH_PATHS = (
					"$(inherited)",
					"@executable_path/../Frameworks",
				);
				MACOSX_DEPLOYMENT_TARGET = 10.15;
				MARKETING_VERSION = 1.10.0;
				OTHER_LDFLAGS = (
					"-framework",
					SafariServices,
					"-framework",
					WebKit,
				);
				PRODUCT_BUNDLE_IDENTIFIER = "com.uuphy.bark-sender";
				PRODUCT_NAME = "$(TARGET_NAME)";
				SWIFT_EMIT_LOC_STRINGS = YES;
				SWIFT_VERSION = 5.0;
			};
			name = Release;
		};
/* End XCBuildConfiguration section */

/* Begin XCConfigurationList section */
		A5FA1D662EC35E2500C6ADDE /* Build configuration list for PBXProject "Bark Sender" */ = {
			isa = XCConfigurationList;
			buildConfigurations = (
				A5FA1D912EC35E2600C6ADDE /* Debug */,
				A5FA1D922EC35E2600C6ADDE /* Release */,
			);
			defaultConfigurationIsVisible = 0;
			defaultConfigurationName = Release;
		};
		A5FA1D932EC35E2600C6ADDE /* Build configuration list for PBXNativeTarget "Bark Sender Extension" */ = {
			isa = XCConfigurationList;
			buildConfigurations = (
				A5FA1D942EC35E2600C6ADDE /* Debug */,
				A5FA1D952EC35E2600C6ADDE /* Release */,
			);
			defaultConfigurationIsVisible = 0;
			defaultConfigurationName = Release;
		};
		A5FA1D972EC35E2600C6ADDE /* Build configuration list for PBXNativeTarget "Bark Sender" */ = {
			isa = XCConfigurationList;
			buildConfigurations = (
				A5FA1D982EC35E2600C6ADDE /* Debug */,
				A5FA1D992EC35E2600C6ADDE /* Release */,
			);
			defaultConfigurationIsVisible = 0;
			defaultConfigurationName = Release;
		};
/* End XCConfigurationList section */
	};
	rootObject = A5FA1D632EC35E2500C6ADDE /* Project object */;
}
